
Microsoft Visual Studio Solution File, Format Version 12.00
# Visual Studio Version 17
VisualStudioVersion = 17.14.36414.22 d17.14
MinimumVisualStudioVersion = 10.0.40219.1
Project("{FAE04EC0-301F-11D3-BF4B-00C04F79EFBC}") = "VINCreator", "VINCreator\VINCreator.csproj", "{D06618EA-1688-4244-9BAD-4B111C6733B4}"
EndProject
Global
	GlobalSection(SolutionConfigurationPlatforms) = preSolution
		Debug|Any CPU = Debug|Any CPU
		Release|Any CPU = Release|Any CPU
	EndGlobalSection
	GlobalSection(ProjectConfigurationPlatforms) = postSolution
		{D06618EA-1688-4244-9BAD-4B111C6733B4}.Debug|Any CPU.ActiveCfg = Debug|Any CPU
		{D06618EA-1688-4244-9BAD-4B111C6733B4}.Debug|Any CPU.Build.0 = Debug|Any CPU
		{D06618EA-1688-4244-9BAD-4B111C6733B4}.Release|Any CPU.ActiveCfg = Release|Any CPU
		{D06618EA-1688-4244-9BAD-4B111C6733B4}.Release|Any CPU.Build.0 = Release|Any CPU
	EndGlobalSection
	GlobalSection(SolutionProperties) = preSolution
		HideSolutionNode = FALSE
	EndGlobalSection
	GlobalSection(ExtensibilityGlobals) = postSolution
		SolutionGuid = {7263FBD3-A708-4B70-B771-1AA00E9F0B2F}
	EndGlobalSection
EndGlobal
